Microsoft Visual Studio Solution File, Format Version 11.00
# Visual Studio 2008

Project("{77A642FA-BDE9-A50A-FD55-44F639AEB472}") = "DeliussEndlessRunnerUnity", "Assembly-CSharp-firstpass.csproj", "{D35E0286-861B-C8A6-4A0F-509BDD0B6292}"
EndProject
Project("{77A642FA-BDE9-A50A-FD55-44F639AEB472}") = "DeliussEndlessRunnerUnity", "Assembly-CSharp.csproj", "{8E1864DB-82A7-1AFF-29D6-1843F85B9E37}"
EndProject
Project("{77A642FA-BDE9-A50A-FD55-44F639AEB472}") = "DeliussEndlessRunnerUnity", "Assembly-CSharp-Editor.csproj", "{C9984D83-546D-619E-3518-DB0C02621D4E}"
EndProject
Project("{77A642FA-BDE9-A50A-FD55-44F639AEB472}") = "DeliussEndlessRunnerUnity", "Assembly-UnityScript.unityproj", "{C23C0256-4AA4-E42E-EAD3-6D8F28D14189}"
EndProject
Global
	GlobalSection(SolutionConfigurationPlatforms) = preSolution
		Debug|Any CPU = Debug|Any CPU
		Release|Any CPU = Release|Any CPU
	EndGlobalSection
	GlobalSection(ProjectConfigurationPlatforms) = postSolution
		{D35E0286-861B-C8A6-4A0F-509BDD0B6292}.Debug|Any CPU.ActiveCfg = Debug|Any CPU
		{D35E0286-861B-C8A6-4A0F-509BDD0B6292}.Debug|Any CPU.Build.0 = Debug|Any CPU
		{D35E0286-861B-C8A6-4A0F-509BDD0B6292}.Release|Any CPU.ActiveCfg = Release|Any CPU
		{D35E0286-861B-C8A6-4A0F-509BDD0B6292}.Release|Any CPU.Build.0 = Release|Any CPU
		{8E1864DB-82A7-1AFF-29D6-1843F85B9E37}.Debug|Any CPU.ActiveCfg = Debug|Any CPU
		{8E1864DB-82A7-1AFF-29D6-1843F85B9E37}.Debug|Any CPU.Build.0 = Debug|Any CPU
		{8E1864DB-82A7-1AFF-29D6-1843F85B9E37}.Release|Any CPU.ActiveCfg = Release|Any CPU
		{8E1864DB-82A7-1AFF-29D6-1843F85B9E37}.Release|Any CPU.Build.0 = Release|Any CPU
		{C9984D83-546D-619E-3518-DB0C02621D4E}.Debug|Any CPU.ActiveCfg = Debug|Any CPU
		{C9984D83-546D-619E-3518-DB0C02621D4E}.Debug|Any CPU.Build.0 = Debug|Any CPU
		{C9984D83-546D-619E-3518-DB0C02621D4E}.Release|Any CPU.ActiveCfg = Release|Any CPU
		{C9984D83-546D-619E-3518-DB0C02621D4E}.Release|Any CPU.Build.0 = Release|Any CPU
		{C23C0256-4AA4-E42E-EAD3-6D8F28D14189}.Debug|Any CPU.ActiveCfg = Debug|Any CPU
		{C23C0256-4AA4-E42E-EAD3-6D8F28D14189}.Debug|Any CPU.Build.0 = Debug|Any CPU
		{C23C0256-4AA4-E42E-EAD3-6D8F28D14189}.Release|Any CPU.ActiveCfg = Release|Any CPU
		{C23C0256-4AA4-E42E-EAD3-6D8F28D14189}.Release|Any CPU.Build.0 = Release|Any CPU
	EndGlobalSection
	GlobalSection(SolutionProperties) = preSolution
		HideSolutionNode = FALSE
	EndGlobalSection
																	GlobalSection(MonoDevelopProperties) = preSolution
		StartupItem = Assembly-CSharp.csproj
		Policies = $0
		$0.TextStylePolicy = $1
		$1.inheritsSet = null
		$1.scope = text/x-csharp
		$0.CSharpFormattingPolicy = $2
		$2.inheritsSet = Mono
		$2.inheritsScope = text/x-csharp
		$2.scope = text/x-csharp
		$0.TextStylePolicy = $3
		$3.FileWidth = 120
		$3.TabWidth = 4
		$3.IndentWidth = 4
		$3.EolMarker = Unix
		$3.inheritsSet = Mono
		$3.inheritsScope = text/plain
		$3.scope = text/plain
	EndGlobalSection

EndGlobal
